// !$*UTF8*$!
{
	archiveVersion = 1;
	classes = {
	};
	objectVersion = 50;
	objects = {

/* Begin PBXBuildFile section */
		C2266489245C5F7200E446C7 /* AppDelegate.swift in Sources */ = {isa = PBXBuildFile; fileRef = C2266488245C5F7200E446C7 /* AppDelegate.swift */; };
		C226648B245C5F7200E446C7 /* SceneDelegate.swift in Sources */ = {isa = PBXBuildFile; fileRef = C226648A245C5F7200E446C7 /* SceneDelegate.swift */; };
		C226648D245C5F7200E446C7 /* ViewController.swift in Sources */ = {isa = PBXBuildFile; fileRef = C226648C245C5F7200E446C7 /* ViewController.swift */; };
		C2266490245C5F7200E446C7 /* Main.storyboard in Resources */ = {isa = PBXBuildFile; fileRef = C226648E245C5F7200E446C7 /* Main.storyboard */; };
		C2266492245C5F7500E446C7 /* Assets.xcassets in Resources */ = {isa = PBXBuildFile; fileRef = C2266491245C5F7500E446C7 /* Assets.xcassets */; };
		C2266495245C5F7500E446C7 /* LaunchScreen.storyboard in Resources */ = {isa = PBXBuildFile; fileRef = C2266493245C5F7500E446C7 /* LaunchScreen.storyboard */; };
		C22664A0245C5F7500E446C7 /* Raffle_v2Tests.swift in Sources */ = {isa = PBXBuildFile; fileRef = C226649F245C5F7500E446C7 /* Raffle_v2Tests.swift */; };
		C22664AB245C5F7500E446C7 /* Raffle_v2UITests.swift in Sources */ = {isa = PBXBuildFile; fileRef = C22664AA245C5F7500E446C7 /* Raffle_v2UITests.swift */; };
		C22664BB245C624D00E446C7 /* SQLiteDatabase.swift in Sources */ = {isa = PBXBuildFile; fileRef = C22664BA245C624D00E446C7 /* SQLiteDatabase.swift */; };
		C22664BD245C655C00E446C7 /* Raffle.swift in Sources */ = {isa = PBXBuildFile; fileRef = C22664BC245C655C00E446C7 /* Raffle.swift */; };
		C22664BF245C667400E446C7 /* Ticket.swift in Sources */ = {isa = PBXBuildFile; fileRef = C22664BE245C667400E446C7 /* Ticket.swift */; };
		C22664C1245C668500E446C7 /* Customer.swift in Sources */ = {isa = PBXBuildFile; fileRef = C22664C0245C668500E446C7 /* Customer.swift */; };
		C22664C3245C70EC00E446C7 /* raffleCell.swift in Sources */ = {isa = PBXBuildFile; fileRef = C22664C2245C70EC00E446C7 /* raffleCell.swift */; };
		C22664C9245D66E700E446C7 /* addRaffleController.swift in Sources */ = {isa = PBXBuildFile; fileRef = C22664C8245D66E700E446C7 /* addRaffleController.swift */; };
		C22664CB245DCBA700E446C7 /* editRaffleController.swift in Sources */ = {isa = PBXBuildFile; fileRef = C22664CA245DCBA700E446C7 /* editRaffleController.swift */; };
/* End PBXBuildFile section */

/* Begin PBXContainerItemProxy section */
		C226649C245C5F7500E446C7 /* PBXContainerItemProxy */ = {
			isa = PBXContainerItemProxy;
			containerPortal = C226647D245C5F7200E446C7 /* Project object */;
			proxyType = 1;
			remoteGlobalIDString = C2266484245C5F7200E446C7;
			remoteInfo = Raffle_v2;
		};
		C22664A7245C5F7500E446C7 /* PBXContainerItemProxy */ = {
			isa = PBXContainerItemProxy;
			containerPortal = C226647D245C5F7200E446C7 /* Project object */;
			proxyType = 1;
			remoteGlobalIDString = C2266484245C5F7200E446C7;
			remoteInfo = Raffle_v2;
		};
/* End PBXContainerItemProxy section */

/* Begin PBXFileReference section */
		C2266485245C5F7200E446C7 /* Raffle_v2.app */ = {isa = PBXFileReference; explicitFileType = wrapper.application; includeInIndex = 0; path = Raffle_v2.app; sourceTree = BUILT_PRODUCTS_DIR; };
		C2266488245C5F7200E446C7 /* AppDelegate.swift */ = {isa = PBXFileReference; lastKnownFileType = sourcecode.swift; path = AppDelegate.swift; sourceTree = "<group>"; };
		C226648A245C5F7200E446C7 /* SceneDelegate.swift */ = {isa = PBXFileReference; lastKnownFileType = sourcecode.swift; path = SceneDelegate.swift; sourceTree = "<group>"; };
		C226648C245C5F7200E446C7 /* ViewController.swift */ = {isa = PBXFileReference; lastKnownFileType = sourcecode.swift; path = ViewController.swift; sourceTree = "<group>"; };
		C226648F245C5F7200E446C7 /* Base */ = {isa = PBXFileReference; lastKnownFileType = file.storyboard; name = Base; path = Base.lproj/Main.storyboard; sourceTree = "<group>"; };
		C2266491245C5F7500E446C7 /* Assets.xcassets */ = {isa = PBXFileReference; lastKnownFileType = folder.assetcatalog; path = Assets.xcassets; sourceTree = "<group>"; };
		C2266494245C5F7500E446C7 /* Base */ = {isa = PBXFileReference; lastKnownFileType = file.storyboard; name = Base; path = Base.lproj/LaunchScreen.storyboard; sourceTree = "<group>"; };
		C2266496245C5F7500E446C7 /* Info.plist */ = {isa = PBXFileReference; lastKnownFileType = text.plist.xml; path = Info.plist; sourceTree = "<group>"; };
		C226649B245C5F7500E446C7 /* Raffle_v2Tests.xctest */ = {isa = PBXFileReference; explicitFileType = wrapper.cfbundle; includeInIndex = 0; path = Raffle_v2Tests.xctest; sourceTree = BUILT_PRODUCTS_DIR; };
		C226649F245C5F7500E446C7 /* Raffle_v2Tests.swift */ = {isa = PBXFileReference; lastKnownFileType = sourcecode.swift; path = Raffle_v2Tests.swift; sourceTree = "<group>"; };
		C22664A1245C5F7500E446C7 /* Info.plist */ = {isa = PBXFileReference; lastKnownFileType = text.plist.xml; path = Info.plist; sourceTree = "<group>"; };
		C22664A6245C5F7500E446C7 /* Raffle_v2UITests.xctest */ = {isa = PBXFileReference; explicitFileType = wrapper.cfbundle; includeInIndex = 0; path = Raffle_v2UITests.xctest; sourceTree = BUILT_PRODUCTS_DIR; };
		C22664AA245C5F7500E446C7 /* Raffle_v2UITests.swift */ = {isa = PBXFileReference; lastKnownFileType = sourcecode.swift; path = Raffle_v2UITests.swift; sourceTree = "<group>"; };
		C22664AC245C5F7500E446C7 /* Info.plist */ = {isa = PBXFileReference; lastKnownFileType = text.plist.xml; path = Info.plist; sourceTree = "<group>"; };
		C22664BA245C624D00E446C7 /* SQLiteDatabase.swift */ = {isa = PBXFileReference; lastKnownFileType = sourcecode.swift; path = SQLiteDatabase.swift; sourceTree = "<group>"; };
		C22664BC245C655C00E446C7 /* Raffle.swift */ = {isa = PBXFileReference; lastKnownFileType = sourcecode.swift; path = Raffle.swift; sourceTree = "<group>"; };
		C22664BE245C667400E446C7 /* Ticket.swift */ = {isa = PBXFileReference; lastKnownFileType = sourcecode.swift; path = Ticket.swift; sourceTree = "<group>"; };
		C22664C0245C668500E446C7 /* Customer.swift */ = {isa = PBXFileReference; lastKnownFileType = sourcecode.swift; path = Customer.swift; sourceTree = "<group>"; };
		C22664C2245C70EC00E446C7 /* raffleCell.swift */ = {isa = PBXFileReference; lastKnownFileType = sourcecode.swift; path = raffleCell.swift; sourceTree = "<group>"; };
		C22664C8245D66E700E446C7 /* addRaffleController.swift */ = {isa = PBXFileReference; lastKnownFileType = sourcecode.swift; path = addRaffleController.swift; sourceTree = "<group>"; };
		C22664CA245DCBA700E446C7 /* editRaffleController.swift */ = {isa = PBXFileReference; lastKnownFileType = sourcecode.swift; path = editRaffleController.swift; sourceTree = "<group>"; };
/* End PBXFileReference section */

/* Begin PBXFrameworksBuildPhase section */
		C2266482245C5F7200E446C7 /* Frameworks */ = {
			isa = PBXFrameworksBuildPhase;
			buildActionMask = 2147483647;
			files = (
			);
			runOnlyForDeploymentPostprocessing = 0;
		};
		C2266498245C5F7500E446C7 /* Frameworks */ = {
			isa = PBXFrameworksBuildPhase;
			buildActionMask = 2147483647;
			files = (
			);
			runOnlyForDeploymentPostprocessing = 0;
		};
		C22664A3245C5F7500E446C7 /* Frameworks */ = {
			isa = PBXFrameworksBuildPhase;
			buildActionMask = 2147483647;
			files = (
			);
			runOnlyForDeploymentPostprocessing = 0;
		};
/* End PBXFrameworksBuildPhase section */

/* Begin PBXGroup section */
		C226647C245C5F7200E446C7 = {
			isa = PBXGroup;
			children = (
				C2266487245C5F7200E446C7 /* Raffle_v2 */,
				C226649E245C5F7500E446C7 /* Raffle_v2Tests */,
				C22664A9245C5F7500E446C7 /* Raffle_v2UITests */,
				C2266486245C5F7200E446C7 /* Products */,
			);
			sourceTree = "<group>";
		};
		C2266486245C5F7200E446C7 /* Products */ = {
			isa = PBXGroup;
			children = (
				C2266485245C5F7200E446C7 /* Raffle_v2.app */,
				C226649B245C5F7500E446C7 /* Raffle_v2Tests.xctest */,
				C22664A6245C5F7500E446C7 /* Raffle_v2UITests.xctest */,
			);
			name = Products;
			sourceTree = "<group>";
		};
		C2266487245C5F7200E446C7 /* Raffle_v2 */ = {
			isa = PBXGroup;
			children = (
				C22664BA245C624D00E446C7 /* SQLiteDatabase.swift */,
				C22664BC245C655C00E446C7 /* Raffle.swift */,
				C2266488245C5F7200E446C7 /* AppDelegate.swift */,
				C226648A245C5F7200E446C7 /* SceneDelegate.swift */,
				C226648C245C5F7200E446C7 /* ViewController.swift */,
				C22664C2245C70EC00E446C7 /* raffleCell.swift */,
				C226648E245C5F7200E446C7 /* Main.storyboard */,
				C22664CA245DCBA700E446C7 /* editRaffleController.swift */,
				C22664C8245D66E700E446C7 /* addRaffleController.swift */,
				C22664BE245C667400E446C7 /* Ticket.swift */,
				C22664C0245C668500E446C7 /* Customer.swift */,
				C2266491245C5F7500E446C7 /* Assets.xcassets */,
				C2266493245C5F7500E446C7 /* LaunchScreen.storyboard */,
				C2266496245C5F7500E446C7 /* Info.plist */,
			);
			path = Raffle_v2;
			sourceTree = "<group>";
		};
		C226649E245C5F7500E446C7 /* Raffle_v2Tests */ = {
			isa = PBXGroup;
			children = (
				C226649F245C5F7500E446C7 /* Raffle_v2Tests.swift */,
				C22664A1245C5F7500E446C7 /* Info.plist */,
			);
			path = Raffle_v2Tests;
			sourceTree = "<group>";
		};
		C22664A9245C5F7500E446C7 /* Raffle_v2UITests */ = {
			isa = PBXGroup;
			children = (
				C22664AA245C5F7500E446C7 /* Raffle_v2UITests.swift */,
				C22664AC245C5F7500E446C7 /* Info.plist */,
			);
			path = Raffle_v2UITests;
			sourceTree = "<group>";
		};
/* End PBXGroup section */

/* Begin PBXNativeTarget section */
		C2266484245C5F7200E446C7 /* Raffle_v2 */ = {
			isa = PBXNativeTarget;
			buildConfigurationList = C22664AF245C5F7500E446C7 /* Build configuration list for PBXNativeTarget "Raffle_v2" */;
			buildPhases = (
				C2266481245C5F7200E446C7 /* Sources */,
				C2266482245C5F7200E446C7 /* Frameworks */,
				C2266483245C5F7200E446C7 /* Resources */,
			);
			buildRules = (
			);
			dependencies = (
			);
			name = Raffle_v2;
			productName = Raffle_v2;
			productReference = C2266485245C5F7200E446C7 /* Raffle_v2.app */;
			productType = "com.apple.product-type.application";
		};
		C226649A245C5F7500E446C7 /* Raffle_v2Tests */ = {
			isa = PBXNativeTarget;
			buildConfigurationList = C22664B2245C5F7500E446C7 /* Build configuration list for PBXNativeTarget "Raffle_v2Tests" */;
			buildPhases = (
				C2266497245C5F7500E446C7 /* Sources */,
				C2266498245C5F7500E446C7 /* Frameworks */,
				C2266499245C5F7500E446C7 /* Resources */,
			);
			buildRules = (
			);
			dependencies = (
				C226649D245C5F7500E446C7 /* PBXTargetDependency */,
			);
			name = Raffle_v2Tests;
			productName = Raffle_v2Tests;
			productReference = C226649B245C5F7500E446C7 /* Raffle_v2Tests.xctest */;
			productType = "com.apple.product-type.bundle.unit-test";
		};
		C22664A5245C5F7500E446C7 /* Raffle_v2UITests */ = {
			isa = PBXNativeTarget;
			buildConfigurationList = C22664B5245C5F7500E446C7 /* Build configuration list for PBXNativeTarget "Raffle_v2UITests" */;
			buildPhases = (
				C22664A2245C5F7500E446C7 /* Sources */,
				C22664A3245C5F7500E446C7 /* Frameworks */,
				C22664A4245C5F7500E446C7 /* Resources */,
			);
			buildRules = (
			);
			dependencies = (
				C22664A8245C5F7500E446C7 /* PBXTargetDependency */,
			);
			name = Raffle_v2UITests;
			productName = Raffle_v2UITests;
			productReference = C22664A6245C5F7500E446C7 /* Raffle_v2UITests.xctest */;
			productType = "com.apple.product-type.bundle.ui-testing";
		};
/* End PBXNativeTarget section */

/* Begin PBXProject section */
		C226647D245C5F7200E446C7 /* Project object */ = {
			isa = PBXProject;
			attributes = {
				LastSwiftUpdateCheck = 1140;
				LastUpgradeCheck = 1140;
				ORGANIZATIONNAME = "University of Tasmania";
				TargetAttributes = {
					C2266484245C5F7200E446C7 = {
						CreatedOnToolsVersion = 11.4.1;
					};
					C226649A245C5F7500E446C7 = {
						CreatedOnToolsVersion = 11.4.1;
						TestTargetID = C2266484245C5F7200E446C7;
					};
					C22664A5245C5F7500E446C7 = {
						CreatedOnToolsVersion = 11.4.1;
						TestTargetID = C2266484245C5F7200E446C7;
					};
				};
			};
			buildConfigurationList = C2266480245C5F7200E446C7 /* Build configuration list for PBXProject "Raffle_v2" */;
			compatibilityVersion = "Xcode 9.3";
			developmentRegion = en;
			hasScannedForEncodings = 0;
			knownRegions = (
				en,
				Base,
			);
			mainGroup = C226647C245C5F7200E446C7;
			productRefGroup = C2266486245C5F7200E446C7 /* Products */;
			projectDirPath = "";
			projectRoot = "";
			targets = (
				C2266484245C5F7200E446C7 /* Raffle_v2 */,
				C226649A245C5F7500E446C7 /* Raffle_v2Tests */,
				C22664A5245C5F7500E446C7 /* Raffle_v2UITests */,
			);
		};
/* End PBXProject section */

/* Begin PBXResourcesBuildPhase section */
		C2266483245C5F7200E446C7 /* Resources */ = {
			isa = PBXResourcesBuildPhase;
			buildActionMask = 2147483647;
			files = (
				C2266495245C5F7500E446C7 /* LaunchScreen.storyboard in Resources */,
				C2266492245C5F7500E446C7 /* Assets.xcassets in Resources */,
				C2266490245C5F7200E446C7 /* Main.storyboard in Resources */,
			);
			runOnlyForDeploymentPostprocessing = 0;
		};
		C2266499245C5F7500E446C7 /* Resources */ = {
			isa = PBXResourcesBuildPhase;
			buildActionMask = 2147483647;
			files = (
			);
			runOnlyForDeploymentPostprocessing = 0;
		};
		C22664A4245C5F7500E446C7 /* Resources */ = {
			isa = PBXResourcesBuildPhase;
			buildActionMask = 2147483647;
			files = (
			);
			runOnlyForDeploymentPostprocessing = 0;
		};
/* End PBXResourcesBuildPhase section */

/* Begin PBXSourcesBuildPhase section */
		C2266481245C5F7200E446C7 /* Sources */ = {
			isa = PBXSourcesBuildPhase;
			buildActionMask = 2147483647;
			files = (
				C226648D245C5F7200E446C7 /* ViewController.swift in Sources */,
				C22664CB245DCBA700E446C7 /* editRaffleController.swift in Sources */,
				C22664C1245C668500E446C7 /* Customer.swift in Sources */,
				C22664C9245D66E700E446C7 /* addRaffleController.swift in Sources */,
				C22664BF245C667400E446C7 /* Ticket.swift in Sources */,
				C22664C3245C70EC00E446C7 /* raffleCell.swift in Sources */,
				C2266489245C5F7200E446C7 /* AppDelegate.swift in Sources */,
				C22664BD245C655C00E446C7 /* Raffle.swift in Sources */,
				C226648B245C5F7200E446C7 /* SceneDelegate.swift in Sources */,
				C22664BB245C624D00E446C7 /* SQLiteDatabase.swift in Sources */,
			);
			runOnlyForDeploymentPostprocessing = 0;
		};
		C2266497245C5F7500E446C7 /* Sources */ = {
			isa = PBXSourcesBuildPhase;
			buildActionMask = 2147483647;
			files = (
				C22664A0245C5F7500E446C7 /* Raffle_v2Tests.swift in Sources */,
			);
			runOnlyForDeploymentPostprocessing = 0;
		};
		C22664A2245C5F7500E446C7 /* Sources */ = {
			isa = PBXSourcesBuildPhase;
			buildActionMask = 2147483647;
			files = (
				C22664AB245C5F7500E446C7 /* Raffle_v2UITests.swift in Sources */,
			);
			runOnlyForDeploymentPostprocessing = 0;
		};
/* End PBXSourcesBuildPhase section */

/* Begin PBXTargetDependency section */
		C226649D245C5F7500E446C7 /* PBXTargetDependency */ = {
			isa = PBXTargetDependency;
			target = C2266484245C5F7200E446C7 /* Raffle_v2 */;
			targetProxy = C226649C245C5F7500E446C7 /* PBXContainerItemProxy */;
		};
		C22664A8245C5F7500E446C7 /* PBXTargetDependency */ = {
			isa = PBXTargetDependency;
			target = C2266484245C5F7200E446C7 /* Raffle_v2 */;
			targetProxy = C22664A7245C5F7500E446C7 /* PBXContainerItemProxy */;
		};
/* End PBXTargetDependency section */

/* Begin PBXVariantGroup section */
		C226648E245C5F7200E446C7 /* Main.storyboard */ = {
			isa = PBXVariantGroup;
			children = (
				C226648F245C5F7200E446C7 /* Base */,
			);
			name = Main.storyboard;
			sourceTree = "<group>";
		};
		C2266493245C5F7500E446C7 /* LaunchScreen.storyboard */ = {
			isa = PBXVariantGroup;
			children = (
				C2266494245C5F7500E446C7 /* Base */,
			);
			name = LaunchScreen.storyboard;
			sourceTree = "<group>";
		};
/* End PBXVariantGroup section */

/* Begin XCBuildConfiguration section */
		C22664AD245C5F7500E446C7 /* Debug */ = {
			isa = XCBuildConfiguration;
			buildSettings = {
				ALWAYS_SEARCH_USER_PATHS = NO;
				CLANG_ANALYZER_NONNULL = YES;
				CLANG_ANALYZER_NUMBER_OBJECT_CONVERSION = YES_AGGRESSIVE;
				CLANG_CXX_LANGUAGE_STANDARD = "gnu++14";
				CLANG_CXX_LIBRARY = "libc++";
				CLANG_ENABLE_MODULES = YES;
				CLANG_ENABLE_OBJC_ARC = YES;
				CLANG_ENABLE_OBJC_WEAK = YES;
				CLANG_WARN_BLOCK_CAPTURE_AUTORELEASING = YES;
				CLANG_WARN_BOOL_CONVERSION = YES;
				CLANG_WARN_COMMA = YES;
				CLANG_WARN_CONSTANT_CONVERSION = YES;
				CLANG_WARN_DEPRECATED_OBJC_IMPLEMENTATIONS = YES;
				CLANG_WARN_DIRECT_OBJC_ISA_USAGE = YES_ERROR;
				CLANG_WARN_DOCUMENTATION_COMMENTS = YES;
				CLANG_WARN_EMPTY_BODY = YES;
				CLANG_WARN_ENUM_CONVERSION = YES;
				CLANG_WARN_INFINITE_RECURSION = YES;
				CLANG_WARN_INT_CONVERSION = YES;
				CLANG_WARN_NON_LITERAL_NULL_CONVERSION = YES;
				CLANG_WARN_OBJC_IMPLICIT_RETAIN_SELF = YES;
				CLANG_WARN_OBJC_LITERAL_CONVERSION = YES;
				CLANG_WARN_OBJC_ROOT_CLASS = YES_ERROR;
				CLANG_WARN_RANGE_LOOP_ANALYSIS = YES;
				CLANG_WARN_STRICT_PROTOTYPES = YES;
				CLANG_WARN_SUSPICIOUS_MOVE = YES;
				CLANG_WARN_UNGUARDED_AVAILABILITY = YES_AGGRESSIVE;
				CLANG_WARN_UNREACHABLE_CODE = YES;
				CLANG_WARN__DUPLICATE_METHOD_MATCH = YES;
				COPY_PHASE_STRIP = NO;
				DEBUG_INFORMATION_FORMAT = dwarf;
				ENABLE_STRICT_OBJC_MSGSEND = YES;
				ENABLE_TESTABILITY = YES;
				GCC_C_LANGUAGE_STANDARD = gnu11;
				GCC_DYNAMIC_NO_PIC = NO;
				GCC_NO_COMMON_BLOCKS = YES;
				GCC_OPTIMIZATION_LEVEL = 0;
				GCC_PREPROCESSOR_DEFINITIONS = (
					"DEBUG=1",
					"$(inherited)",
				);
				GCC_WARN_64_TO_32_BIT_CONVERSION = YES;
				GCC_WARN_ABOUT_RETURN_TYPE = YES_ERROR;
				GCC_WARN_UNDECLARED_SELECTOR = YES;
				GCC_WARN_UNINITIALIZED_AUTOS = YES_AGGRESSIVE;
				GCC_WARN_UNUSED_FUNCTION = YES;
				GCC_WARN_UNUSED_VARIABLE = YES;
				IPHONEOS_DEPLOYMENT_TARGET = 13.4;
				MTL_ENABLE_DEBUG_INFO = INCLUDE_SOURCE;
				MTL_FAST_MATH = YES;
				ONLY_ACTIVE_ARCH = YES;
				SDKROOT = iphoneos;
				SWIFT_ACTIVE_COMPILATION_CONDITIONS = DEBUG;
				SWIFT_OPTIMIZATION_LEVEL = "-Onone";
			};
			name = Debug;
		};
		C22664AE245C5F7500E446C7 /* Release */ = {
			isa = XCBuildConfiguration;
			buildSettings = {
				ALWAYS_SEARCH_USER_PATHS = NO;
				CLANG_ANALYZER_NONNULL = YES;
				CLANG_ANALYZER_NUMBER_OBJECT_CONVERSION = YES_AGGRESSIVE;
				CLANG_CXX_LANGUAGE_STANDARD = "gnu++14";
				CLANG_CXX_LIBRARY = "libc++";
				CLANG_ENABLE_MODULES = YES;
				CLANG_ENABLE_OBJC_ARC = YES;
				CLANG_ENABLE_OBJC_WEAK = YES;
				CLANG_WARN_BLOCK_CAPTURE_AUTORELEASING = YES;
				CLANG_WARN_BOOL_CONVERSION = YES;
				CLANG_WARN_COMMA = YES;
				CLANG_WARN_CONSTANT_CONVERSION = YES;
				CLANG_WARN_DEPRECATED_OBJC_IMPLEMENTATIONS = YES;
				CLANG_WARN_DIRECT_OBJC_ISA_USAGE = YES_ERROR;
				CLANG_WARN_DOCUMENTATION_COMMENTS = YES;
				CLANG_WARN_EMPTY_BODY = YES;
				CLANG_WARN_ENUM_CONVERSION = YES;
				CLANG_WARN_INFINITE_RECURSION = YES;
				CLANG_WARN_INT_CONVERSION = YES;
				CLANG_WARN_NON_LITERAL_NULL_CONVERSION = YES;
				CLANG_WARN_OBJC_IMPLICIT_RETAIN_SELF = YES;
				CLANG_WARN_OBJC_LITERAL_CONVERSION = YES;
				CLANG_WARN_OBJC_ROOT_CLASS = YES_ERROR;
				CLANG_WARN_RANGE_LOOP_ANALYSIS = YES;
				CLANG_WARN_STRICT_PROTOTYPES = YES;
				CLANG_WARN_SUSPICIOUS_MOVE = YES;
				CLANG_WARN_UNGUARDED_AVAILABILITY = YES_AGGRESSIVE;
				CLANG_WARN_UNREACHABLE_CODE = YES;
				CLANG_WARN__DUPLICATE_METHOD_MATCH = YES;
				COPY_PHASE_STRIP = NO;
				DEBUG_INFORMATION_FORMAT = "dwarf-with-dsym";
				ENABLE_NS_ASSERTIONS = NO;
				ENABLE_STRICT_OBJC_MSGSEND = YES;
				GCC_C_LANGUAGE_STANDARD = gnu11;
				GCC_NO_COMMON_BLOCKS = YES;
				GCC_WARN_64_TO_32_BIT_CONVERSION = YES;
				GCC_WARN_ABOUT_RETURN_TYPE = YES_ERROR;
				GCC_WARN_UNDECLARED_SELECTOR = YES;
				GCC_WARN_UNINITIALIZED_AUTOS = YES_AGGRESSIVE;
				GCC_WARN_UNUSED_FUNCTION = YES;
				GCC_WARN_UNUSED_VARIABLE = YES;
				IPHONEOS_DEPLOYMENT_TARGET = 13.4;
				MTL_ENABLE_DEBUG_INFO = NO;
				MTL_FAST_MATH = YES;
				SDKROOT = iphoneos;
				SWIFT_COMPILATION_MODE = wholemodule;
				SWIFT_OPTIMIZATION_LEVEL = "-O";
				VALIDATE_PRODUCT = YES;
			};
			name = Release;
		};
		C22664B0245C5F7500E446C7 /* Debug */ = {
			isa = XCBuildConfiguration;
			buildSettings = {
				ASSETCATALOG_COMPILER_APPICON_NAME = AppIcon;
				CODE_SIGN_STYLE = Automatic;
				DEVELOPMENT_TEAM = 892DZ3A58K;
				INFOPLIST_FILE = Raffle_v2/Info.plist;
				IPHONEOS_DEPLOYMENT_TARGET = 13.4;
				LD_RUNPATH_SEARCH_PATHS = (
					"$(inherited)",
					"@executable_path/Frameworks",
				);
				PRODUCT_BUNDLE_IDENTIFIER = "au.edu.utas.cis.cliu18.Raffle-v2";
				PRODUCT_NAME = "$(TARGET_NAME)";
				SWIFT_VERSION = 5.0;
				TARGETED_DEVICE_FAMILY = "1,2";
			};
			name = Debug;
		};
		C22664B1245C5F7500E446C7 /* Release */ = {
			isa = XCBuildConfiguration;
			buildSettings = {
				ASSETCATALOG_COMPILER_APPICON_NAME = AppIcon;
				CODE_SIGN_STYLE = Automatic;
				DEVELOPMENT_TEAM = 892DZ3A58K;
				INFOPLIST_FILE = Raffle_v2/Info.plist;
				IPHONEOS_DEPLOYMENT_TARGET = 13.4;
				LD_RUNPATH_SEARCH_PATHS = (
					"$(inherited)",
					"@executable_path/Frameworks",
				);
				PRODUCT_BUNDLE_IDENTIFIER = "au.edu.utas.cis.cliu18.Raffle-v2";
				PRODUCT_NAME = "$(TARGET_NAME)";
				SWIFT_VERSION = 5.0;
				TARGETED_DEVICE_FAMILY = "1,2";
			};
			name = Release;
		};
		C22664B3245C5F7500E446C7 /* Debug */ = {
			isa = XCBuildConfiguration;
			buildSettings = {
				ALWAYS_EMBED_SWIFT_STANDARD_LIBRARIES = YES;
				BUNDLE_LOADER = "$(TEST_HOST)";
				CODE_SIGN_STYLE = Automatic;
				DEVELOPMENT_TEAM = 892DZ3A58K;
				INFOPLIST_FILE = Raffle_v2Tests/Info.plist;
				IPHONEOS_DEPLOYMENT_TARGET = 13.4;
				LD_RUNPATH_SEARCH_PATHS = (
					"$(inherited)",
					"@executable_path/Frameworks",
					"@loader_path/Frameworks",
				);
				PRODUCT_BUNDLE_IDENTIFIER = "au.edu.utas.cis.cliu18.Raffle-v2Tests";
				PRODUCT_NAME = "$(TARGET_NAME)";
				SWIFT_VERSION = 5.0;
				TARGETED_DEVICE_FAMILY = "1,2";
				TEST_HOST = "$(BUILT_PRODUCTS_DIR)/Raffle_v2.app/Raffle_v2";
			};
			name = Debug;
		};
		C22664B4245C5F7500E446C7 /* Release */ = {
			isa = XCBuildConfiguration;
			buildSettings = {
				ALWAYS_EMBED_SWIFT_STANDARD_LIBRARIES = YES;
				BUNDLE_LOADER = "$(TEST_HOST)";
				CODE_SIGN_STYLE = Automatic;
				DEVELOPMENT_TEAM = 892DZ3A58K;
				INFOPLIST_FILE = Raffle_v2Tests/Info.plist;
				IPHONEOS_DEPLOYMENT_TARGET = 13.4;
				LD_RUNPATH_SEARCH_PATHS = (
					"$(inherited)",
					"@executable_path/Frameworks",
					"@loader_path/Frameworks",
				);
				PRODUCT_BUNDLE_IDENTIFIER = "au.edu.utas.cis.cliu18.Raffle-v2Tests";
				PRODUCT_NAME = "$(TARGET_NAME)";
				SWIFT_VERSION = 5.0;
				TARGETED_DEVICE_FAMILY = "1,2";
				TEST_HOST = "$(BUILT_PRODUCTS_DIR)/Raffle_v2.app/Raffle_v2";
			};
			name = Release;
		};
		C22664B6245C5F7500E446C7 /* Debug */ = {
			isa = XCBuildConfiguration;
			buildSettings = {
				ALWAYS_EMBED_SWIFT_STANDARD_LIBRARIES = YES;
				CODE_SIGN_STYLE = Automatic;
				DEVELOPMENT_TEAM = 892DZ3A58K;
				INFOPLIST_FILE = Raffle_v2UITests/Info.plist;
				LD_RUNPATH_SEARCH_PATHS = (
					"$(inherited)",
					"@executable_path/Frameworks",
					"@loader_path/Frameworks",
				);
				PRODUCT_BUNDLE_IDENTIFIER = "au.edu.utas.cis.cliu18.Raffle-v2UITests";
				PRODUCT_NAME = "$(TARGET_NAME)";
				SWIFT_VERSION = 5.0;
				TARGETED_DEVICE_FAMILY = "1,2";
				TEST_TARGET_NAME = Raffle_v2;
			};
			name = Debug;
		};
		C22664B7245C5F7500E446C7 /* Release */ = {
			isa = XCBuildConfiguration;
			buildSettings = {
				ALWAYS_EMBED_SWIFT_STANDARD_LIBRARIES = YES;
				CODE_SIGN_STYLE = Automatic;
				DEVELOPMENT_TEAM = 892DZ3A58K;
				INFOPLIST_FILE = Raffle_v2UITests/Info.plist;
				LD_RUNPATH_SEARCH_PATHS = (
					"$(inherited)",
					"@executable_path/Frameworks",
					"@loader_path/Frameworks",
				);
				PRODUCT_BUNDLE_IDENTIFIER = "au.edu.utas.cis.cliu18.Raffle-v2UITests";
				PRODUCT_NAME = "$(TARGET_NAME)";
				SWIFT_VERSION = 5.0;
				TARGETED_DEVICE_FAMILY = "1,2";
				TEST_TARGET_NAME = Raffle_v2;
			};
			name = Release;
		};
/* End XCBuildConfiguration section */

/* Begin XCConfigurationList section */
		C2266480245C5F7200E446C7 /* Build configuration list for PBXProject "Raffle_v2" */ = {
			isa = XCConfigurationList;
			buildConfigurations = (
				C22664AD245C5F7500E446C7 /* Debug */,
				C22664AE245C5F7500E446C7 /* Release */,
			);
			defaultConfigurationIsVisible = 0;
			defaultConfigurationName = Release;
		};
		C22664AF245C5F7500E446C7 /* Build configuration list for PBXNativeTarget "Raffle_v2" */ = {
			isa = XCConfigurationList;
			buildConfigurations = (
				C22664B0245C5F7500E446C7 /* Debug */,
				C22664B1245C5F7500E446C7 /* Release */,
			);
			defaultConfigurationIsVisible = 0;
			defaultConfigurationName = Release;
		};
		C22664B2245C5F7500E446C7 /* Build configuration list for PBXNativeTarget "Raffle_v2Tests" */ = {
			isa = XCConfigurationList;
			buildConfigurations = (
				C22664B3245C5F7500E446C7 /* Debug */,
				C22664B4245C5F7500E446C7 /* Release */,
			);
			defaultConfigurationIsVisible = 0;
			defaultConfigurationName = Release;
		};
		C22664B5245C5F7500E446C7 /* Build configuration list for PBXNativeTarget "Raffle_v2UITests" */ = {
			isa = XCConfigurationList;
			buildConfigurations = (
				C22664B6245C5F7500E446C7 /* Debug */,
				C22664B7245C5F7500E446C7 /* Release */,
			);
			defaultConfigurationIsVisible = 0;
			defaultConfigurationName = Release;
		};
/* End XCConfigurationList section */
	};
	rootObject = C226647D245C5F7200E446C7 /* Project object */;
}
